// !$*UTF8*$!
{
	archiveVersion = 1;
	classes = {
	};
	objectVersion = 46;
	objects = {

/* Begin PBXBuildFile section */
		A911BE0E1AC963EA00819F52 /* AFHTTPRequestOperation.m in Sources */ = {isa = PBXBuildFile; fileRef = A911BDDD1AC963EA00819F52 /* AFHTTPRequestOperation.m */; };
		A911BE0F1AC963EA00819F52 /* AFHTTPRequestOperationManager.m in Sources */ = {isa = PBXBuildFile; fileRef = A911BDDF1AC963EA00819F52 /* AFHTTPRequestOperationManager.m */; };
		A911BE101AC963EA00819F52 /* AFHTTPSessionManager.m in Sources */ = {isa = PBXBuildFile; fileRef = A911BDE11AC963EA00819F52 /* AFHTTPSessionManager.m */; };
		A911BE111AC963EA00819F52 /* AFNetworkReachabilityManager.m in Sources */ = {isa = PBXBuildFile; fileRef = A911BDE41AC963EA00819F52 /* AFNetworkReachabilityManager.m */; };
		A911BE121AC963EA00819F52 /* AFSecurityPolicy.m in Sources */ = {isa = PBXBuildFile; fileRef = A911BDE61AC963EA00819F52 /* AFSecurityPolicy.m */; };
		A911BE131AC963EA00819F52 /* AFURLConnectionOperation.m in Sources */ = {isa = PBXBuildFile; fileRef = A911BDE81AC963EA00819F52 /* AFURLConnectionOperation.m */; };
		A911BE141AC963EA00819F52 /* AFURLRequestSerialization.m in Sources */ = {isa = PBXBuildFile; fileRef = A911BDEA1AC963EA00819F52 /* AFURLRequestSerialization.m */; };
		A911BE151AC963EA00819F52 /* AFURLResponseSerialization.m in Sources */ = {isa = PBXBuildFile; fileRef = A911BDEC1AC963EA00819F52 /* AFURLResponseSerialization.m */; };
		A911BE161AC963EA00819F52 /* AFURLSessionManager.m in Sources */ = {isa = PBXBuildFile; fileRef = A911BDEE1AC963EA00819F52 /* AFURLSessionManager.m */; };
		A911BE171AC963EA00819F52 /* MJArgument.m in Sources */ = {isa = PBXBuildFile; fileRef = A911BDF11AC963EA00819F52 /* MJArgument.m */; };
		A911BE181AC963EA00819F52 /* MJIvar.m in Sources */ = {isa = PBXBuildFile; fileRef = A911BDF41AC963EA00819F52 /* MJIvar.m */; };
		A911BE191AC963EA00819F52 /* MJMember.m in Sources */ = {isa = PBXBuildFile; fileRef = A911BDF61AC963EA00819F52 /* MJMember.m */; };
		A911BE1A1AC963EA00819F52 /* MJMethod.m in Sources */ = {isa = PBXBuildFile; fileRef = A911BDF81AC963EA00819F52 /* MJMethod.m */; };
		A911BE1B1AC963EA00819F52 /* MJType.m in Sources */ = {isa = PBXBuildFile; fileRef = A911BDFA1AC963EA00819F52 /* MJType.m */; };
		A911BE1C1AC963EA00819F52 /* MJTypeEncoding.m in Sources */ = {isa = PBXBuildFile; fileRef = A911BDFC1AC963EA00819F52 /* MJTypeEncoding.m */; };
		A911BE1D1AC963EA00819F52 /* NSObject+MJCoding.m in Sources */ = {isa = PBXBuildFile; fileRef = A911BDFE1AC963EA00819F52 /* NSObject+MJCoding.m */; };
		A911BE1E1AC963EA00819F52 /* NSObject+MJKeyValue.m in Sources */ = {isa = PBXBuildFile; fileRef = A911BE001AC963EA00819F52 /* NSObject+MJKeyValue.m */; };
		A911BE1F1AC963EA00819F52 /* NSObject+MJMember.m in Sources */ = {isa = PBXBuildFile; fileRef = A911BE021AC963EA00819F52 /* NSObject+MJMember.m */; };
		A911BE201AC963EA00819F52 /* MJRefresh.bundle in Resources */ = {isa = PBXBuildFile; fileRef = A911BE041AC963EA00819F52 /* MJRefresh.bundle */; };
		A911BE211AC963EA00819F52 /* MJRefreshBaseView.m in Sources */ = {isa = PBXBuildFile; fileRef = A911BE071AC963EA00819F52 /* MJRefreshBaseView.m */; };
		A911BE221AC963EA00819F52 /* MJRefreshConst.m in Sources */ = {isa = PBXBuildFile; fileRef = A911BE091AC963EA00819F52 /* MJRefreshConst.m */; };
		A911BE231AC963EA00819F52 /* MJRefreshFooterView.m in Sources */ = {isa = PBXBuildFile; fileRef = A911BE0B1AC963EA00819F52 /* MJRefreshFooterView.m */; };
		A911BE241AC963EA00819F52 /* MJRefreshHeaderView.m in Sources */ = {isa = PBXBuildFile; fileRef = A911BE0D1AC963EA00819F52 /* MJRefreshHeaderView.m */; };
		A911BE281AC963F300819F52 /* ZCEventUuidTool.m in Sources */ = {isa = PBXBuildFile; fileRef = A911BE271AC963F300819F52 /* ZCEventUuidTool.m */; };
		A911BE2D1AC9643F00819F52 /* SVProgressHUD.bundle in Resources */ = {isa = PBXBuildFile; fileRef = A911BE2A1AC9643E00819F52 /* SVProgressHUD.bundle */; };
		A911BE2E1AC9643F00819F52 /* SVProgressHUD.m in Sources */ = {isa = PBXBuildFile; fileRef = A911BE2C1AC9643F00819F52 /* SVProgressHUD.m */; };
		A9386B651A7B418F00526086 /* ZCChooseTableViewCell.m in Sources */ = {isa = PBXBuildFile; fileRef = A9386B641A7B418F00526086 /* ZCChooseTableViewCell.m */; };
		A9386B9B1A7B7F2900526086 /* ZCChooseThePitchVViewController.m in Sources */ = {isa = PBXBuildFile; fileRef = A9386B9A1A7B7F2900526086 /* ZCChooseThePitchVViewController.m */; };
		A9386B9D1A7B83CA00526086 /* UIKit.framework in Frameworks */ = {isa = PBXBuildFile; fileRef = A9386B9C1A7B83CA00526086 /* UIKit.framework */; };
		A93B45FA1A8470E500AF48F0 /* CoreLocation.framework in Frameworks */ = {isa = PBXBuildFile; fileRef = A93B45F91A8470E500AF48F0 /* CoreLocation.framework */; };
		A93BCE821A7CB6B90053FD00 /* MTScenicShopCell.m in Sources */ = {isa = PBXBuildFile; fileRef = A93BCE811A7CB6B90053FD00 /* MTScenicShopCell.m */; };
		A93BCE901A7CC3E50053FD00 /* friends.plist in Resources */ = {isa = PBXBuildFile; fileRef = A93BCE8F1A7CC3E50053FD00 /* friends.plist */; };
		A93DF8991A81D465009623F5 /* ZCScorecarTableViewCell.m in Sources */ = {isa = PBXBuildFile; fileRef = A93DF8981A81D465009623F5 /* ZCScorecarTableViewCell.m */; };
		A9438A161A79FF6E00B55001 /* main.m in Sources */ = {isa = PBXBuildFile; fileRef = A9438A151A79FF6E00B55001 /* main.m */; };
		A9438A211A79FF6E00B55001 /* Images.xcassets in Resources */ = {isa = PBXBuildFile; fileRef = A9438A201A79FF6E00B55001 /* Images.xcassets */; };
		A9438A301A79FF6E00B55001 /* _____Tests.m in Sources */ = {isa = PBXBuildFile; fileRef = A9438A2F1A79FF6E00B55001 /* _____Tests.m */; };
		A9438A481A7A007B00B55001 /* AppDelegate.m in Sources */ = {isa = PBXBuildFile; fileRef = A9438A3C1A7A007B00B55001 /* AppDelegate.m */; };
		A9438A4F1A7A01A700B55001 /* ZCTabbarViewController.m in Sources */ = {isa = PBXBuildFile; fileRef = A9438A4E1A7A01A700B55001 /* ZCTabbarViewController.m */; };
		A9438A531A7A043700B55001 /* ZCPersonalViewController.m in Sources */ = {isa = PBXBuildFile; fileRef = A9438A511A7A043700B55001 /* ZCPersonalViewController.m */; };
		A9438A541A7A043700B55001 /* ZCPersonalViewController.xib in Resources */ = {isa = PBXBuildFile; fileRef = A9438A521A7A043700B55001 /* ZCPersonalViewController.xib */; };
		A9438A5E1A7A04A200B55001 /* ZCPracticeViewController.m in Sources */ = {isa = PBXBuildFile; fileRef = A9438A5C1A7A04A200B55001 /* ZCPracticeViewController.m */; };
		A9438A5F1A7A04A200B55001 /* ZCPracticeViewController.xib in Resources */ = {isa = PBXBuildFile; fileRef = A9438A5D1A7A04A200B55001 /* ZCPracticeViewController.xib */; };
		A9438A631A7A04D800B55001 /* ZCStatisticalViewController.m in Sources */ = {isa = PBXBuildFile; fileRef = A9438A611A7A04D800B55001 /* ZCStatisticalViewController.m */; };
		A9438A641A7A04D800B55001 /* ZCStatisticalViewController.xib in Resources */ = {isa = PBXBuildFile; fileRef = A9438A621A7A04D800B55001 /* ZCStatisticalViewController.xib */; };
		A944AFBB1AB5D60E00A8E887 /* ZCAmateurStatisticsView.m in Sources */ = {isa = PBXBuildFile; fileRef = A944AFBA1AB5D60E00A8E887 /* ZCAmateurStatisticsView.m */; };
		A945582F1AA46C4E00079DEB /* ZCSettingHeadView.m in Sources */ = {isa = PBXBuildFile; fileRef = A945582E1AA46C4E00079DEB /* ZCSettingHeadView.m */; };
		A9484F501A80BCD600681939 /* ZCScorecardTableViewController.m in Sources */ = {isa = PBXBuildFile; fileRef = A9484F4F1A80BCD600681939 /* ZCScorecardTableViewController.m */; };
		A94C27CA1AB9693D006A7BA1 /* ZCEventCell.m in Sources */ = {isa = PBXBuildFile; fileRef = A94C27C91AB9693D006A7BA1 /* ZCEventCell.m */; };
		A94C27CB1AB9834D006A7BA1 /* ZCQuickScoringTableViewController.m in Sources */ = {isa = PBXBuildFile; fileRef = A974E1151AAEABD800F1519A /* ZCQuickScoringTableViewController.m */; };
		A94D47CE1AA807A900971FAD /* ZCTotalScorecards.m in Sources */ = {isa = PBXBuildFile; fileRef = A94D47CD1AA807A900971FAD /* ZCTotalScorecards.m */; };
		A94D47E01AA8426300971FAD /* ZCscorecard.m in Sources */ = {isa = PBXBuildFile; fileRef = A94D47DF1AA8426300971FAD /* ZCscorecard.m */; };
		A95620091AAD3E7000388D08 /* ZCEvent.m in Sources */ = {isa = PBXBuildFile; fileRef = A95620081AAD3E7000388D08 /* ZCEvent.m */; };
		A956200C1AAD3ECD00388D08 /* ZCCourse.m in Sources */ = {isa = PBXBuildFile; fileRef = A956200B1AAD3ECD00388D08 /* ZCCourse.m */; };
		A957DD8F1AA05FB9008C5ABA /* ZCChildStadium.m in Sources */ = {isa = PBXBuildFile; fileRef = A957DD8E1AA05FB9008C5ABA /* ZCChildStadium.m */; };
		A957DD921AA067BD008C5ABA /* ZCSettingTVController.m in Sources */ = {isa = PBXBuildFile; fileRef = A957DD911AA067BD008C5ABA /* ZCSettingTVController.m */; };
		A957DD951AA068D0008C5ABA /* ZCStadiumInformation.m in Sources */ = {isa = PBXBuildFile; fileRef = A957DD941AA068D0008C5ABA /* ZCStadiumInformation.m */; };
		A95AB5C61AC3B20D00F63D92 /* ZCModifyTheScorecardViewController.m in Sources */ = {isa = PBXBuildFile; fileRef = A95AB5C51AC3B20D00F63D92 /* ZCModifyTheScorecardViewController.m */; };
		A95D720C1AC8F7B300DBD7E4 /* ZCBackBackButtonitem.m in Sources */ = {isa = PBXBuildFile; fileRef = A95D720B1AC8F7B300DBD7E4 /* ZCBackBackButtonitem.m */; };
		A967AD061A9EBE7B009E7468 /* ZCSwitchTableViewController.m in Sources */ = {isa = PBXBuildFile; fileRef = A967AD051A9EBE7B009E7468 /* ZCSwitchTableViewController.m */; };
		A967AD271A9EC762009E7468 /* ZCCity.m in Sources */ = {isa = PBXBuildFile; fileRef = A967AD261A9EC762009E7468 /* ZCCity.m */; };
		A967AD2A1A9EC7B3009E7468 /* ZCCityStadium.m in Sources */ = {isa = PBXBuildFile; fileRef = A967AD291A9EC7B3009E7468 /* ZCCityStadium.m */; };
		A96B67D81ABA6A01006D2047 /* ZCstadium.m in Sources */ = {isa = PBXBuildFile; fileRef = A96B67D71ABA6A01006D2047 /* ZCstadium.m */; };
		A9714E491A830BCD00571CB2 /* ZCregisterViewController.m in Sources */ = {isa = PBXBuildFile; fileRef = A9714E481A830BCD00571CB2 /* ZCregisterViewController.m */; };
		A9714E6A1A832F1800571CB2 /* ZCAccount.m in Sources */ = {isa = PBXBuildFile; fileRef = A9714E691A832F1800571CB2 /* ZCAccount.m */; };
		A975C3E61AB6E29F00140242 /* ZCStatistical.m in Sources */ = {isa = PBXBuildFile; fileRef = A975C3E51AB6E29F00140242 /* ZCStatistical.m */; };
		A975C3E91AB6E4D100140242 /* ZCStatisticalScorecard.m in Sources */ = {isa = PBXBuildFile; fileRef = A975C3E81AB6E4D100140242 /* ZCStatisticalScorecard.m */; };
		A987C57D1AB14889004D164B /* ZCAmateurStatisticsViewController.m in Sources */ = {isa = PBXBuildFile; fileRef = A987C57C1AB14889004D164B /* ZCAmateurStatisticsViewController.m */; };
		A998A8D01A7E87C800CE6AAA /* ZCSetting.m in Sources */ = {isa = PBXBuildFile; fileRef = A998A8CF1A7E87C800CE6AAA /* ZCSetting.m */; };
		A9F00BFA1A8858E200671AC9 /* ZCShowButton.m in Sources */ = {isa = PBXBuildFile; fileRef = A9F00BF91A8858E200671AC9 /* ZCShowButton.m */; };
/* End PBXBuildFile section */

/* Begin PBXContainerItemProxy section */
		A9438A2A1A79FF6E00B55001 /* PBXContainerItemProxy */ = {
			isa = PBXContainerItemProxy;
			containerPortal = A9438A081A79FF6E00B55001 /* Project object */;
			proxyType = 1;
			remoteGlobalIDString = A9438A0F1A79FF6E00B55001;
			remoteInfo = "我爱高尔夫";
		};
/* End PBXContainerItemProxy section */

/* Begin PBXFileReference section */
		A911BDDC1AC963EA00819F52 /* AFHTTPRequestOperation.h */ = {isa = PBXFileReference; fileEncoding = 4; lastKnownFileType = sourcecode.c.h; path = AFHTTPRequestOperation.h; sourceTree = "<group>"; };
		A911BDDD1AC963EA00819F52 /* AFHTTPRequestOperation.m */ = {isa = PBXFileReference; fileEncoding = 4; lastKnownFileType = sourcecode.c.objc; path = AFHTTPRequestOperation.m; sourceTree = "<group>"; };
		A911BDDE1AC963EA00819F52 /* AFHTTPRequestOperationManager.h */ = {isa = PBXFileReference; fileEncoding = 4; lastKnownFileType = sourcecode.c.h; path = AFHTTPRequestOperationManager.h; sourceTree = "<group>"; };
		A911BDDF1AC963EA00819F52 /* AFHTTPRequestOperationManager.m */ = {isa = PBXFileReference; fileEncoding = 4; lastKnownFileType = sourcecode.c.objc; path = AFHTTPRequestOperationManager.m; sourceTree = "<group>"; };
		A911BDE01AC963EA00819F52 /* AFHTTPSessionManager.h */ = {isa = PBXFileReference; fileEncoding = 4; lastKnownFileType = sourcecode.c.h; path = AFHTTPSessionManager.h; sourceTree = "<group>"; };
		A911BDE11AC963EA00819F52 /* AFHTTPSessionManager.m */ = {isa = PBXFileReference; fileEncoding = 4; lastKnownFileType = sourcecode.c.objc; path = AFHTTPSessionManager.m; sourceTree = "<group>"; };
		A911BDE21AC963EA00819F52 /* AFNetworking.h */ = {isa = PBXFileReference; fileEncoding = 4; lastKnownFileType = sourcecode.c.h; path = AFNetworking.h; sourceTree = "<group>"; };
		A911BDE31AC963EA00819F52 /* AFNetworkReachabilityManager.h */ = {isa = PBXFileReference; fileEncoding = 4; lastKnownFileType = sourcecode.c.h; path = AFNetworkReachabilityManager.h; sourceTree = "<group>"; };
		A911BDE41AC963EA00819F52 /* AFNetworkReachabilityManager.m */ = {isa = PBXFileReference; fileEncoding = 4; lastKnownFileType = sourcecode.c.objc; path = AFNetworkReachabilityManager.m; sourceTree = "<group>"; };
		A911BDE51AC963EA00819F52 /* AFSecurityPolicy.h */ = {isa = PBXFileReference; fileEncoding = 4; lastKnownFileType = sourcecode.c.h; path = AFSecurityPolicy.h; sourceTree = "<group>"; };
		A911BDE61AC963EA00819F52 /* AFSecurityPolicy.m */ = {isa = PBXFileReference; fileEncoding = 4; lastKnownFileType = sourcecode.c.objc; path = AFSecurityPolicy.m; sourceTree = "<group>"; };
		A911BDE71AC963EA00819F52 /* AFURLConnectionOperation.h */ = {isa = PBXFileReference; fileEncoding = 4; lastKnownFileType = sourcecode.c.h; path = AFURLConnectionOperation.h; sourceTree = "<group>"; };
		A911BDE81AC963EA00819F52 /* AFURLConnectionOperation.m */ = {isa = PBXFileReference; fileEncoding = 4; lastKnownFileType = sourcecode.c.objc; path = AFURLConnectionOperation.m; sourceTree = "<group>"; };
		A911BDE91AC963EA00819F52 /* AFURLRequestSerialization.h */ = {isa = PBXFileReference; fileEncoding = 4; lastKnownFileType = sourcecode.c.h; path = AFURLRequestSerialization.h; sourceTree = "<group>"; };
		A911BDEA1AC963EA00819F52 /* AFURLRequestSerialization.m */ = {isa = PBXFileReference; fileEncoding = 4; lastKnownFileType = sourcecode.c.objc; path = AFURLRequestSerialization.m; sourceTree = "<group>"; };
		A911BDEB1AC963EA00819F52 /* AFURLResponseSerialization.h */ = {isa = PBXFileReference; fileEncoding = 4; lastKnownFileType = sourcecode.c.h; path = AFURLResponseSerialization.h; sourceTree = "<group>"; };
		A911BDEC1AC963EA00819F52 /* AFURLResponseSerialization.m */ = {isa = PBXFileReference; fileEncoding = 4; lastKnownFileType = sourcecode.c.objc; path = AFURLResponseSerialization.m; sourceTree = "<group>"; };
		A911BDED1AC963EA00819F52 /* AFURLSessionManager.h */ = {isa = PBXFileReference; fileEncoding = 4; lastKnownFileType = sourcecode.c.h; path = AFURLSessionManager.h; sourceTree = "<group>"; };
		A911BDEE1AC963EA00819F52 /* AFURLSessionManager.m */ = {isa = PBXFileReference; fileEncoding = 4; lastKnownFileType = sourcecode.c.objc; path = AFURLSessionManager.m; sourceTree = "<group>"; };
		A911BDF01AC963EA00819F52 /* MJArgument.h */ = {isa = PBXFileReference; fileEncoding = 4; lastKnownFileType = sourcecode.c.h; path = MJArgument.h; sourceTree = "<group>"; };
		A911BDF11AC963EA00819F52 /* MJArgument.m */ = {isa = PBXFileReference; fileEncoding = 4; lastKnownFileType = sourcecode.c.objc; path = MJArgument.m; sourceTree = "<group>"; };
		A911BDF21AC963EA00819F52 /* MJExtension.h */ = {isa = PBXFileReference; fileEncoding = 4; lastKnownFileType = sourcecode.c.h; path = MJExtension.h; sourceTree = "<group>"; };
		A911BDF31AC963EA00819F52 /* MJIvar.h */ = {isa = PBXFileReference; fileEncoding = 4; lastKnownFileType = sourcecode.c.h; path = MJIvar.h; sourceTree = "<group>"; };
		A911BDF41AC963EA00819F52 /* MJIvar.m */ = {isa = PBXFileReference; fileEncoding = 4; lastKnownFileType = sourcecode.c.objc; path = MJIvar.m; sourceTree = "<group>"; };
		A911BDF51AC963EA00819F52 /* MJMember.h */ = {isa = PBXFileReference; fileEncoding = 4; lastKnownFileType = sourcecode.c.h; path = MJMember.h; sourceTree = "<group>"; };
		A911BDF61AC963EA00819F52 /* MJMember.m */ = {isa = PBXFileReference; fileEncoding = 4; lastKnownFileType = sourcecode.c.objc; path = MJMember.m; sourceTree = "<group>"; };
		A911BDF71AC963EA00819F52 /* MJMethod.h */ = {isa = PBXFileReference; fileEncoding = 4; lastKnownFileType = sourcecode.c.h; path = MJMethod.h; sourceTree = "<group>"; };
		A911BDF81AC963EA00819F52 /* MJMethod.m */ = {isa = PBXFileReference; fileEncoding = 4; lastKnownFileType = sourcecode.c.objc; path = MJMethod.m; sourceTree = "<group>"; };
		A911BDF91AC963EA00819F52 /* MJType.h */ = {isa = PBXFileReference; fileEncoding = 4; lastKnownFileType = sourcecode.c.h; path = MJType.h; sourceTree = "<group>"; };
		A911BDFA1AC963EA00819F52 /* MJType.m */ = {isa = PBXFileReference; fileEncoding = 4; lastKnownFileType = sourcecode.c.objc; path = MJType.m; sourceTree = "<group>"; };
		A911BDFB1AC963EA00819F52 /* MJTypeEncoding.h */ = {isa = PBXFileReference; fileEncoding = 4; lastKnownFileType = sourcecode.c.h; path = MJTypeEncoding.h; sourceTree = "<group>"; };
		A911BDFC1AC963EA00819F52 /* MJTypeEncoding.m */ = {isa = PBXFileReference; fileEncoding = 4; lastKnownFileType = sourcecode.c.objc; path = MJTypeEncoding.m; sourceTree = "<group>"; };
		A911BDFD1AC963EA00819F52 /* NSObject+MJCoding.h */ = {isa = PBXFileReference; fileEncoding = 4; lastKnownFileType = sourcecode.c.h; path = "NSObject+MJCoding.h"; sourceTree = "<group>"; };
		A911BDFE1AC963EA00819F52 /* NSObject+MJCoding.m */ = {isa = PBXFileReference; fileEncoding = 4; lastKnownFileType = sourcecode.c.objc; path = "NSObject+MJCoding.m"; sourceTree = "<group>"; };
		A911BDFF1AC963EA00819F52 /* NSObject+MJKeyValue.h */ = {isa = PBXFileReference; fileEncoding = 4; lastKnownFileType = sourcecode.c.h; path = "NSObject+MJKeyValue.h"; sourceTree = "<group>"; };
		A911BE001AC963EA00819F52 /* NSObject+MJKeyValue.m */ = {isa = PBXFileReference; fileEncoding = 4; lastKnownFileType = sourcecode.c.objc; path = "NSObject+MJKeyValue.m"; sourceTree = "<group>"; };
		A911BE011AC963EA00819F52 /* NSObject+MJMember.h */ = {isa = PBXFileReference; fileEncoding = 4; lastKnownFileType = sourcecode.c.h; path = "NSObject+MJMember.h"; sourceTree = "<group>"; };
		A911BE021AC963EA00819F52 /* NSObject+MJMember.m */ = {isa = PBXFileReference; fileEncoding = 4; lastKnownFileType = sourcecode.c.objc; path = "NSObject+MJMember.m"; sourceTree = "<group>"; };
		A911BE041AC963EA00819F52 /* MJRefresh.bundle */ = {isa = PBXFileReference; lastKnownFileType = "wrapper.plug-in"; path = MJRefresh.bundle; sourceTree = "<group>"; };
		A911BE051AC963EA00819F52 /* MJRefresh.h */ = {isa = PBXFileReference; fileEncoding = 4; lastKnownFileType = sourcecode.c.h; path = MJRefresh.h; sourceTree = "<group>"; };
		A911BE061AC963EA00819F52 /* MJRefreshBaseView.h */ = {isa = PBXFileReference; fileEncoding = 4; lastKnownFileType = sourcecode.c.h; path = MJRefreshBaseView.h; sourceTree = "<group>"; };
		A911BE071AC963EA00819F52 /* MJRefreshBaseView.m */ = {isa = PBXFileReference; fileEncoding = 4; lastKnownFileType = sourcecode.c.objc; path = MJRefreshBaseView.m; sourceTree = "<group>"; };
		A911BE081AC963EA00819F52 /* MJRefreshConst.h */ = {isa = PBXFileReference; fileEncoding = 4; lastKnownFileType = sourcecode.c.h; path = MJRefreshConst.h; sourceTree = "<group>"; };
		A911BE091AC963EA00819F52 /* MJRefreshConst.m */ = {isa = PBXFileReference; fileEncoding = 4; lastKnownFileType = sourcecode.c.objc; path = MJRefreshConst.m; sourceTree = "<group>"; };
		A911BE0A1AC963EA00819F52 /* MJRefreshFooterView.h */ = {isa = PBXFileReference; fileEncoding = 4; lastKnownFileType = sourcecode.c.h; path = MJRefreshFooterView.h; sourceTree = "<group>"; };
		A911BE0B1AC963EA00819F52 /* MJRefreshFooterView.m */ = {isa = PBXFileReference; fileEncoding = 4; lastKnownFileType = sourcecode.c.objc; path = MJRefreshFooterView.m; sourceTree = "<group>"; };
		A911BE0C1AC963EA00819F52 /* MJRefreshHeaderView.h */ = {isa = PBXFileReference; fileEncoding = 4; lastKnownFileType = sourcecode.c.h; path = MJRefreshHeaderView.h; sourceTree = "<group>"; };
		A911BE0D1AC963EA00819F52 /* MJRefreshHeaderView.m */ = {isa = PBXFileReference; fileEncoding = 4; lastKnownFileType = sourcecode.c.objc; path = MJRefreshHeaderView.m; sourceTree = "<group>"; };
		A911BE261AC963F300819F52 /* ZCEventUuidTool.h */ = {isa = PBXFileReference; fileEncoding = 4; lastKnownFileType = sourcecode.c.h; path = ZCEventUuidTool.h; sourceTree = "<group>"; };
		A911BE271AC963F300819F52 /* ZCEventUuidTool.m */ = {isa = PBXFileReference; fileEncoding = 4; lastKnownFileType = sourcecode.c.objc; path = ZCEventUuidTool.m; sourceTree = "<group>"; };
		A911BE2A1AC9643E00819F52 /* SVProgressHUD.bundle */ = {isa = PBXFileReference; lastKnownFileType = "wrapper.plug-in"; path = SVProgressHUD.bundle; sourceTree = "<group>"; };
		A911BE2B1AC9643E00819F52 /* SVProgressHUD.h */ = {isa = PBXFileReference; fileEncoding = 4; lastKnownFileType = sourcecode.c.h; path = SVProgressHUD.h; sourceTree = "<group>"; };
		A911BE2C1AC9643F00819F52 /* SVProgressHUD.m */ = {isa = PBXFileReference; fileEncoding = 4; lastKnownFileType = sourcecode.c.objc; path = SVProgressHUD.m; sourceTree = "<group>"; };
		A9386B631A7B418F00526086 /* ZCChooseTableViewCell.h */ = {isa = PBXFileReference; fileEncoding = 4; lastKnownFileType = sourcecode.c.h; path = ZCChooseTableViewCell.h; sourceTree = "<group>"; };
		A9386B641A7B418F00526086 /* ZCChooseTableViewCell.m */ = {isa = PBXFileReference; fileEncoding = 4; lastKnownFileType = sourcecode.c.objc; path = ZCChooseTableViewCell.m; sourceTree = "<group>"; };
		A9386B981A7B6D4900526086 /* pchFile.pch */ = {isa = PBXFileReference; lastKnownFileType = sourcecode.c.h; path = pchFile.pch; sourceTree = "<group>"; };
		A9386B991A7B7F2900526086 /* ZCChooseThePitchVViewController.h */ = {isa = PBXFileReference; fileEncoding = 4; lastKnownFileType = sourcecode.c.h; path = ZCChooseThePitchVViewController.h; sourceTree = "<group>"; };
		A9386B9A1A7B7F2900526086 /* ZCChooseThePitchVViewController.m */ = {isa = PBXFileReference; fileEncoding = 4; lastKnownFileType = sourcecode.c.objc; path = ZCChooseThePitchVViewController.m; sourceTree = "<group>"; };
		A9386B9C1A7B83CA00526086 /* UIKit.framework */ = {isa = PBXFileReference; lastKnownFileType = wrapper.framework; name = UIKit.framework; path = System/Library/Frameworks/UIKit.framework; sourceTree = SDKROOT; };
		A93B45F91A8470E500AF48F0 /* CoreLocation.framework */ = {isa = PBXFileReference; lastKnownFileType = wrapper.framework; name = CoreLocation.framework; path = System/Library/Frameworks/CoreLocation.framework; sourceTree = SDKROOT; };
		A93BCE801A7CB6B90053FD00 /* MTScenicShopCell.h */ = {isa = PBXFileReference; fileEncoding = 4; lastKnownFileType = sourcecode.c.h; path = MTScenicShopCell.h; sourceTree = "<group>"; };
		A93BCE811A7CB6B90053FD00 /* MTScenicShopCell.m */ = {isa = PBXFileReference; fileEncoding = 4; lastKnownFileType = sourcecode.c.objc; path = MTScenicShopCell.m; sourceTree = "<group>"; };
		A93BCE8F1A7CC3E50053FD00 /* friends.plist */ = {isa = PBXFileReference; fileEncoding = 4; lastKnownFileType = text.plist.xml; path = friends.plist; sourceTree = "<group>"; };
		A93DF8971A81D465009623F5 /* ZCScorecarTableViewCell.h */ = {isa = PBXFileReference; fileEncoding = 4; lastKnownFileType = sourcecode.c.h; path = ZCScorecarTableViewCell.h; sourceTree = "<group>"; };
		A93DF8981A81D465009623F5 /* ZCScorecarTableViewCell.m */ = {isa = PBXFileReference; fileEncoding = 4; lastKnownFileType = sourcecode.c.objc; path = ZCScorecarTableViewCell.m; sourceTree = "<group>"; };
		A9438A101A79FF6E00B55001 /* 我爱高尔夫.app */ = {isa = PBXFileReference; explicitFileType = wrapper.application; includeInIndex = 0; path = "我爱高尔夫.app"; sourceTree = BUILT_PRODUCTS_DIR; };
		A9438A141A79FF6E00B55001 /* Info.plist */ = {isa = PBXFileReference; lastKnownFileType = text.plist.xml; path = Info.plist; sourceTree = "<group>"; };
		A9438A151A79FF6E00B55001 /* main.m */ = {isa = PBXFileReference; lastKnownFileType = sourcecode.c.objc; path = main.m; sourceTree = "<group>"; };
		A9438A201A79FF6E00B55001 /* Images.xcassets */ = {isa = PBXFileReference; lastKnownFileType = folder.assetcatalog; path = Images.xcassets; sourceTree = "<group>"; };
		A9438A291A79FF6E00B55001 /* 我爱高尔夫Tests.xctest */ = {isa = PBXFileReference; explicitFileType = wrapper.cfbundle; includeInIndex = 0; path = "我爱高尔夫Tests.xctest"; sourceTree = BUILT_PRODUCTS_DIR; };
		A9438A2E1A79FF6E00B55001 /* Info.plist */ = {isa = PBXFileReference; lastKnownFileType = text.plist.xml; path = Info.plist; sourceTree = "<group>"; };
		A9438A2F1A79FF6E00B55001 /* _____Tests.m */ = {isa = PBXFileReference; lastKnownFileType = sourcecode.c.objc; path = "_____Tests.m"; sourceTree = "<group>"; };
		A9438A3B1A7A007B00B55001 /* AppDelegate.h */ = {isa = PBXFileReference; fileEncoding = 4; lastKnownFileType = sourcecode.c.h; path = AppDelegate.h; sourceTree = "<group>"; };
		A9438A3C1A7A007B00B55001 /* AppDelegate.m */ = {isa = PBXFileReference; fileEncoding = 4; lastKnownFileType = sourcecode.c.objc; path = AppDelegate.m; sourceTree = "<group>"; };
		A9438A4D1A7A01A700B55001 /* ZCTabbarViewController.h */ = {isa = PBXFileReference; fileEncoding = 4; lastKnownFileType = sourcecode.c.h; path = ZCTabbarViewController.h; sourceTree = "<group>"; };
		A9438A4E1A7A01A700B55001 /* ZCTabbarViewController.m */ = {isa = PBXFileReference; fileEncoding = 4; lastKnownFileType = sourcecode.c.objc; path = ZCTabbarViewController.m; sourceTree = "<group>"; };
		A9438A501A7A043700B55001 /* ZCPersonalViewController.h */ = {isa = PBXFileReference; fileEncoding = 4; lastKnownFileType = sourcecode.c.h; path = ZCPersonalViewController.h; sourceTree = "<group>"; };
		A9438A511A7A043700B55001 /* ZCPersonalViewController.m */ = {isa = PBXFileReference; fileEncoding = 4; lastKnownFileType = sourcecode.c.objc; path = ZCPersonalViewController.m; sourceTree = "<group>"; };
		A9438A521A7A043700B55001 /* ZCPersonalViewController.xib */ = {isa = PBXFileReference; fileEncoding = 4; lastKnownFileType = file.xib; path = ZCPersonalViewController.xib; sourceTree = "<group>"; };
		A9438A5B1A7A04A200B55001 /* ZCPracticeViewController.h */ = {isa = PBXFileReference; fileEncoding = 4; lastKnownFileType = sourcecode.c.h; path = ZCPracticeViewController.h; sourceTree = "<group>"; };
		A9438A5C1A7A04A200B55001 /* ZCPracticeViewController.m */ = {isa = PBXFileReference; fileEncoding = 4; lastKnownFileType = sourcecode.c.objc; path = ZCPracticeViewController.m; sourceTree = "<group>"; };
		A9438A5D1A7A04A200B55001 /* ZCPracticeViewController.xib */ = {isa = PBXFileReference; fileEncoding = 4; lastKnownFileType = file.xib; path = ZCPracticeViewController.xib; sourceTree = "<group>"; };
		A9438A601A7A04D800B55001 /* ZCStatisticalViewController.h */ = {isa = PBXFileReference; fileEncoding = 4; lastKnownFileType = sourcecode.c.h; path = ZCStatisticalViewController.h; sourceTree = "<group>"; };
		A9438A611A7A04D800B55001 /* ZCStatisticalViewController.m */ = {isa = PBXFileReference; fileEncoding = 4; lastKnownFileType = sourcecode.c.objc; path = ZCStatisticalViewController.m; sourceTree = "<group>"; };
		A9438A621A7A04D800B55001 /* ZCStatisticalViewController.xib */ = {isa = PBXFileReference; fileEncoding = 4; lastKnownFileType = file.xib; path = ZCStatisticalViewController.xib; sourceTree = "<group>"; };
		A944AFB91AB5D60E00A8E887 /* ZCAmateurStatisticsView.h */ = {isa = PBXFileReference; fileEncoding = 4; lastKnownFileType = sourcecode.c.h; path = ZCAmateurStatisticsView.h; sourceTree = "<group>"; };
		A944AFBA1AB5D60E00A8E887 /* ZCAmateurStatisticsView.m */ = {isa = PBXFileReference; fileEncoding = 4; lastKnownFileType = sourcecode.c.objc; path = ZCAmateurStatisticsView.m; sourceTree = "<group>"; };
		A945582D1AA46C4E00079DEB /* ZCSettingHeadView.h */ = {isa = PBXFileReference; fileEncoding = 4; lastKnownFileType = sourcecode.c.h; path = ZCSettingHeadView.h; sourceTree = "<group>"; };
		A945582E1AA46C4E00079DEB /* ZCSettingHeadView.m */ = {isa = PBXFileReference; fileEncoding = 4; lastKnownFileType = sourcecode.c.objc; path = ZCSettingHeadView.m; sourceTree = "<group>"; };
		A9484F4E1A80BCD600681939 /* ZCScorecardTableViewController.h */ = {isa = PBXFileReference; fileEncoding = 4; lastKnownFileType = sourcecode.c.h; path = ZCScorecardTableViewController.h; sourceTree = "<group>"; };
		A9484F4F1A80BCD600681939 /* ZCScorecardTableViewController.m */ = {isa = PBXFileReference; fileEncoding = 4; lastKnownFileType = sourcecode.c.objc; path = ZCScorecardTableViewController.m; sourceTree = "<group>"; };
		A94C27C81AB9693D006A7BA1 /* ZCEventCell.h */ = {isa = PBXFileReference; fileEncoding = 4; lastKnownFileType = sourcecode.c.h; path = ZCEventCell.h; sourceTree = "<group>"; };
		A94C27C91AB9693D006A7BA1 /* ZCEventCell.m */ = {isa = PBXFileReference; fileEncoding = 4; lastKnownFileType = sourcecode.c.objc; path = ZCEventCell.m; sourceTree = "<group>"; };
		A94D47CC1AA807A900971FAD /* ZCTotalScorecards.h */ = {isa = PBXFileReference; fileEncoding = 4; lastKnownFileType = sourcecode.c.h; path = ZCTotalScorecards.h; sourceTree = "<group>"; };
		A94D47CD1AA807A900971FAD /* ZCTotalScorecards.m */ = {isa = PBXFileReference; fileEncoding = 4; lastKnownFileType = sourcecode.c.objc; path = ZCTotalScorecards.m; sourceTree = "<group>"; };
		A94D47DE1AA8426300971FAD /* ZCscorecard.h */ = {isa = PBXFileReference; fileEncoding = 4; lastKnownFileType = sourcecode.c.h; path = ZCscorecard.h; sourceTree = "<group>"; };
		A94D47DF1AA8426300971FAD /* ZCscorecard.m */ = {isa = PBXFileReference; fileEncoding = 4; lastKnownFileType = sourcecode.c.objc; path = ZCscorecard.m; sourceTree = "<group>"; };
		A95620071AAD3E7000388D08 /* ZCEvent.h */ = {isa = PBXFileReference; fileEncoding = 4; lastKnownFileType = sourcecode.c.h; path = ZCEvent.h; sourceTree = "<group>"; };
		A95620081AAD3E7000388D08 /* ZCEvent.m */ = {isa = PBXFileReference; fileEncoding = 4; lastKnownFileType = sourcecode.c.objc; path = ZCEvent.m; sourceTree = "<group>"; };
		A956200A1AAD3ECC00388D08 /* ZCCourse.h */ = {isa = PBXFileReference; fileEncoding = 4; lastKnownFileType = sourcecode.c.h; path = ZCCourse.h; sourceTree = "<group>"; };
		A956200B1AAD3ECD00388D08 /* ZCCourse.m */ = {isa = PBXFileReference; fileEncoding = 4; lastKnownFileType = sourcecode.c.objc; path = ZCCourse.m; sourceTree = "<group>"; };
		A957DD8D1AA05FB9008C5ABA /* ZCChildStadium.h */ = {isa = PBXFileReference; fileEncoding = 4; lastKnownFileType = sourcecode.c.h; path = ZCChildStadium.h; sourceTree = "<group>"; };
		A957DD8E1AA05FB9008C5ABA /* ZCChildStadium.m */ = {isa = PBXFileReference; fileEncoding = 4; lastKnownFileType = sourcecode.c.objc; path = ZCChildStadium.m; sourceTree = "<group>"; };
		A957DD901AA067BD008C5ABA /* ZCSettingTVController.h */ = {isa = PBXFileReference; fileEncoding = 4; lastKnownFileType = sourcecode.c.h; path = ZCSettingTVController.h; sourceTree = "<group>"; };
		A957DD911AA067BD008C5ABA /* ZCSettingTVController.m */ = {isa = PBXFileReference; fileEncoding = 4; lastKnownFileType = sourcecode.c.objc; path = ZCSettingTVController.m; sourceTree = "<group>"; };
		A957DD931AA068D0008C5ABA /* ZCStadiumInformation.h */ = {isa = PBXFileReference; fileEncoding = 4; lastKnownFileType = sourcecode.c.h; path = ZCStadiumInformation.h; sourceTree = "<group>"; };
		A957DD941AA068D0008C5ABA /* ZCStadiumInformation.m */ = {isa = PBXFileReference; fileEncoding = 4; lastKnownFileType = sourcecode.c.objc; path = ZCStadiumInformation.m; sourceTree = "<group>"; };
		A95AB5C41AC3B20D00F63D92 /* ZCModifyTheScorecardViewController.h */ = {isa = PBXFileReference; fileEncoding = 4; lastKnownFileType = sourcecode.c.h; path = ZCModifyTheScorecardViewController.h; sourceTree = "<group>"; };
		A95AB5C51AC3B20D00F63D92 /* ZCModifyTheScorecardViewController.m */ = {isa = PBXFileReference; fileEncoding = 4; lastKnownFileType = sourcecode.c.objc; path = ZCModifyTheScorecardViewController.m; sourceTree = "<group>"; };
		A95D720A1AC8F7B300DBD7E4 /* ZCBackBackButtonitem.h */ = {isa = PBXFileReference; fileEncoding = 4; lastKnownFileType = sourcecode.c.h; path = ZCBackBackButtonitem.h; sourceTree = "<group>"; };
		A95D720B1AC8F7B300DBD7E4 /* ZCBackBackButtonitem.m */ = {isa = PBXFileReference; fileEncoding = 4; lastKnownFileType = sourcecode.c.objc; path = ZCBackBackButtonitem.m; sourceTree = "<group>"; };
		A967AD041A9EBE7B009E7468 /* ZCSwitchTableViewController.h */ = {isa = PBXFileReference; fileEncoding = 4; lastKnownFileType = sourcecode.c.h; path = ZCSwitchTableViewController.h; sourceTree = "<group>"; };
		A967AD051A9EBE7B009E7468 /* ZCSwitchTableViewController.m */ = {isa = PBXFileReference; fileEncoding = 4; lastKnownFileType = sourcecode.c.objc; path = ZCSwitchTableViewController.m; sourceTree = "<group>"; };
		A967AD251A9EC762009E7468 /* ZCCity.h */ = {isa = PBXFileReference; fileEncoding = 4; lastKnownFileType = sourcecode.c.h; path = ZCCity.h; sourceTree = "<group>"; };
		A967AD261A9EC762009E7468 /* ZCCity.m */ = {isa = PBXFileReference; fileEncoding = 4; lastKnownFileType = sourcecode.c.objc; path = ZCCity.m; sourceTree = "<group>"; };
		A967AD281A9EC7B3009E7468 /* ZCCityStadium.h */ = {isa = PBXFileReference; fileEncoding = 4; lastKnownFileType = sourcecode.c.h; path = ZCCityStadium.h; sourceTree = "<group>"; };
		A967AD291A9EC7B3009E7468 /* ZCCityStadium.m */ = {isa = PBXFileReference; fileEncoding = 4; lastKnownFileType = sourcecode.c.objc; path = ZCCityStadium.m; sourceTree = "<group>"; };
		A96B67D61ABA6A01006D2047 /* ZCstadium.h */ = {isa = PBXFileReference; fileEncoding = 4; lastKnownFileType = sourcecode.c.h; path = ZCstadium.h; sourceTree = "<group>"; };
		A96B67D71ABA6A01006D2047 /* ZCstadium.m */ = {isa = PBXFileReference; fileEncoding = 4; lastKnownFileType = sourcecode.c.objc; path = ZCstadium.m; sourceTree = "<group>"; };
		A9714E471A830BCD00571CB2 /* ZCregisterViewController.h */ = {isa = PBXFileReference; fileEncoding = 4; lastKnownFileType = sourcecode.c.h; path = ZCregisterViewController.h; sourceTree = "<group>"; };
		A9714E481A830BCD00571CB2 /* ZCregisterViewController.m */ = {isa = PBXFileReference; fileEncoding = 4; lastKnownFileType = sourcecode.c.objc; path = ZCregisterViewController.m; sourceTree = "<group>"; };
		A9714E681A832F1800571CB2 /* ZCAccount.h */ = {isa = PBXFileReference; fileEncoding = 4; lastKnownFileType = sourcecode.c.h; path = ZCAccount.h; sourceTree = "<group>"; };
		A9714E691A832F1800571CB2 /* ZCAccount.m */ = {isa = PBXFileReference; fileEncoding = 4; lastKnownFileType = sourcecode.c.objc; path = ZCAccount.m; sourceTree = "<group>"; };
		A974E1141AAEABD800F1519A /* ZCQuickScoringTableViewController.h */ = {isa = PBXFileReference; fileEncoding = 4; lastKnownFileType = sourcecode.c.h; path = ZCQuickScoringTableViewController.h; sourceTree = "<group>"; };
		A974E1151AAEABD800F1519A /* ZCQuickScoringTableViewController.m */ = {isa = PBXFileReference; fileEncoding = 4; lastKnownFileType = sourcecode.c.objc; path = ZCQuickScoringTableViewController.m; sourceTree = "<group>"; };
		A975C3E41AB6E29F00140242 /* ZCStatistical.h */ = {isa = PBXFileReference; fileEncoding = 4; lastKnownFileType = sourcecode.c.h; path = ZCStatistical.h; sourceTree = "<group>"; };
		A975C3E51AB6E29F00140242 /* ZCStatistical.m */ = {isa = PBXFileReference; fileEncoding = 4; lastKnownFileType = sourcecode.c.objc; path = ZCStatistical.m; sourceTree = "<group>"; };
		A975C3E71AB6E4D100140242 /* ZCStatisticalScorecard.h */ = {isa = PBXFileReference; fileEncoding = 4; lastKnownFileType = sourcecode.c.h; path = ZCStatisticalScorecard.h; sourceTree = "<group>"; };
		A975C3E81AB6E4D100140242 /* ZCStatisticalScorecard.m */ = {isa = PBXFileReference; fileEncoding = 4; lastKnownFileType = sourcecode.c.objc; path = ZCStatisticalScorecard.m; sourceTree = "<group>"; };
		A987C57B1AB14889004D164B /* ZCAmateurStatisticsViewController.h */ = {isa = PBXFileReference; fileEncoding = 4; lastKnownFileType = sourcecode.c.h; path = ZCAmateurStatisticsViewController.h; sourceTree = "<group>"; };
		A987C57C1AB14889004D164B /* ZCAmateurStatisticsViewController.m */ = {isa = PBXFileReference; fileEncoding = 4; lastKnownFileType = sourcecode.c.objc; path = ZCAmateurStatisticsViewController.m; sourceTree = "<group>"; };
		A998A8CE1A7E87C800CE6AAA /* ZCSetting.h */ = {isa = PBXFileReference; fileEncoding = 4; lastKnownFileType = sourcecode.c.h; path = ZCSetting.h; sourceTree = "<group>"; };
		A998A8CF1A7E87C800CE6AAA /* ZCSetting.m */ = {isa = PBXFileReference; fileEncoding = 4; lastKnownFileType = sourcecode.c.objc; path = ZCSetting.m; sourceTree = "<group>"; };
		A9F00BF81A8858E200671AC9 /* ZCShowButton.h */ = {isa = PBXFileReference; fileEncoding = 4; lastKnownFileType = sourcecode.c.h; path = ZCShowButton.h; sourceTree = "<group>"; };
		A9F00BF91A8858E200671AC9 /* ZCShowButton.m */ = {isa = PBXFileReference; fileEncoding = 4; lastKnownFileType = sourcecode.c.objc; path = ZCShowButton.m; sourceTree = "<group>"; };
/* End PBXFileReference section */

/* Begin PBXFrameworksBuildPhase section */
		A9438A0D1A79FF6E00B55001 /* Frameworks */ = {
			isa = PBXFrameworksBuildPhase;
			buildActionMask = 2147483647;
			files = (
				A93B45FA1A8470E500AF48F0 /* CoreLocation.framework in Frameworks */,
				A9386B9D1A7B83CA00526086 /* UIKit.framework in Frameworks */,
			);
			runOnlyForDeploymentPostprocessing = 0;
		};
		A9438A261A79FF6E00B55001 /* Frameworks */ = {
			isa = PBXFrameworksBuildPhase;
			buildActionMask = 2147483647;
			files = (
			);
			runOnlyForDeploymentPostprocessing = 0;
		};
/* End PBXFrameworksBuildPhase section */

/* Begin PBXGroup section */
		A911BDDA1AC963EA00819F52 /* Lib */ = {
			isa = PBXGroup;
			children = (
				A911BE291AC9643E00819F52 /* SVProgressHUD */,
				A911BDDB1AC963EA00819F52 /* AFNetworking */,
				A911BDEF1AC963EA00819F52 /* MJExtension */,
				A911BE031AC963EA00819F52 /* MJRefresh */,
			);
			path = Lib;
			sourceTree = "<group>";
		};
		A911BDDB1AC963EA00819F52 /* AFNetworking */ = {
			isa = PBXGroup;
			children = (
				A911BDDC1AC963EA00819F52 /* AFHTTPRequestOperation.h */,
				A911BDDD1AC963EA00819F52 /* AFHTTPRequestOperation.m */,
				A911BDDE1AC963EA00819F52 /* AFHTTPRequestOperationManager.h */,
				A911BDDF1AC963EA00819F52 /* AFHTTPRequestOperationManager.m */,
				A911BDE01AC963EA00819F52 /* AFHTTPSessionManager.h */,
				A911BDE11AC963EA00819F52 /* AFHTTPSessionManager.m */,
				A911BDE21AC963EA00819F52 /* AFNetworking.h */,
				A911BDE31AC963EA00819F52 /* AFNetworkReachabilityManager.h */,
				A911BDE41AC963EA00819F52 /* AFNetworkReachabilityManager.m */,
				A911BDE51AC963EA00819F52 /* AFSecurityPolicy.h */,
				A911BDE61AC963EA00819F52 /* AFSecurityPolicy.m */,
				A911BDE71AC963EA00819F52 /* AFURLConnectionOperation.h */,
				A911BDE81AC963EA00819F52 /* AFURLConnectionOperation.m */,
				A911BDE91AC963EA00819F52 /* AFURLRequestSerialization.h */,
				A911BDEA1AC963EA00819F52 /* AFURLRequestSerialization.m */,
				A911BDEB1AC963EA00819F52 /* AFURLResponseSerialization.h */,
				A911BDEC1AC963EA00819F52 /* AFURLResponseSerialization.m */,
				A911BDED1AC963EA00819F52 /* AFURLSessionManager.h */,
				A911BDEE1AC963EA00819F52 /* AFURLSessionManager.m */,
			);
			path = AFNetworking;
			sourceTree = "<group>";
		};
		A911BDEF1AC963EA00819F52 /* MJExtension */ = {
			isa = PBXGroup;
			children = (
				A911BDF01AC963EA00819F52 /* MJArgument.h */,
				A911BDF11AC963EA00819F52 /* MJArgument.m */,
				A911BDF21AC963EA00819F52 /* MJExtension.h */,
				A911BDF31AC963EA00819F52 /* MJIvar.h */,
				A911BDF41AC963EA00819F52 /* MJIvar.m */,
				A911BDF51AC963EA00819F52 /* MJMember.h */,
				A911BDF61AC963EA00819F52 /* MJMember.m */,
				A911BDF71AC963EA00819F52 /* MJMethod.h */,
				A911BDF81AC963EA00819F52 /* MJMethod.m */,
				A911BDF91AC963EA00819F52 /* MJType.h */,
				A911BDFA1AC963EA00819F52 /* MJType.m */,
				A911BDFB1AC963EA00819F52 /* MJTypeEncoding.h */,
				A911BDFC1AC963EA00819F52 /* MJTypeEncoding.m */,
				A911BDFD1AC963EA00819F52 /* NSObject+MJCoding.h */,
				A911BDFE1AC963EA00819F52 /* NSObject+MJCoding.m */,
				A911BDFF1AC963EA00819F52 /* NSObject+MJKeyValue.h */,
				A911BE001AC963EA00819F52 /* NSObject+MJKeyValue.m */,
				A911BE011AC963EA00819F52 /* NSObject+MJMember.h */,
				A911BE021AC963EA00819F52 /* NSObject+MJMember.m */,
			);
			path = MJExtension;
			sourceTree = "<group>";
		};
		A911BE031AC963EA00819F52 /* MJRefresh */ = {
			isa = PBXGroup;
			children = (
				A911BE041AC963EA00819F52 /* MJRefresh.bundle */,
				A911BE051AC963EA00819F52 /* MJRefresh.h */,
				A911BE061AC963EA00819F52 /* MJRefreshBaseView.h */,
				A911BE071AC963EA00819F52 /* MJRefreshBaseView.m */,
				A911BE081AC963EA00819F52 /* MJRefreshConst.h */,
				A911BE091AC963EA00819F52 /* MJRefreshConst.m */,
				A911BE0A1AC963EA00819F52 /* MJRefreshFooterView.h */,
				A911BE0B1AC963EA00819F52 /* MJRefreshFooterView.m */,
				A911BE0C1AC963EA00819F52 /* MJRefreshHeaderView.h */,
				A911BE0D1AC963EA00819F52 /* MJRefreshHeaderView.m */,
			);
			path = MJRefresh;
			sourceTree = "<group>";
		};
		A911BE251AC963F300819F52 /* 单利 */ = {
			isa = PBXGroup;
			children = (
				A911BE261AC963F300819F52 /* ZCEventUuidTool.h */,
				A911BE271AC963F300819F52 /* ZCEventUuidTool.m */,
			);
			path = "单利";
			sourceTree = "<group>";
		};
		A911BE291AC9643E00819F52 /* SVProgressHUD */ = {
			isa = PBXGroup;
			children = (
				A911BE2A1AC9643E00819F52 /* SVProgressHUD.bundle */,
				A911BE2B1AC9643E00819F52 /* SVProgressHUD.h */,
				A911BE2C1AC9643F00819F52 /* SVProgressHUD.m */,
			);
			path = SVProgressHUD;
			sourceTree = "<group>";
		};
		A9438A071A79FF6E00B55001 = {
			isa = PBXGroup;
			children = (
				A93B45F91A8470E500AF48F0 /* CoreLocation.framework */,
				A9386B9C1A7B83CA00526086 /* UIKit.framework */,
				A9438A121A79FF6E00B55001 /* 我爱高尔夫 */,
				A9438A2C1A79FF6E00B55001 /* 我爱高尔夫Tests */,
				A9438A111A79FF6E00B55001 /* Products */,
			);
			sourceTree = "<group>";
		};
		A9438A111A79FF6E00B55001 /* Products */ = {
			isa = PBXGroup;
			children = (
				A9438A101A79FF6E00B55001 /* 我爱高尔夫.app */,
				A9438A291A79FF6E00B55001 /* 我爱高尔夫Tests.xctest */,
			);
			name = Products;
			sourceTree = "<group>";
		};
		A9438A121A79FF6E00B55001 /* 我爱高尔夫 */ = {
			isa = PBXGroup;
			children = (
				A9438A391A7A007B00B55001 /* Classes */,
				A9438A201A79FF6E00B55001 /* Images.xcassets */,
				A9438A131A79FF6E00B55001 /* Supporting Files */,
			);
			path = "我爱高尔夫";
			sourceTree = "<group>";
		};
		A9438A131A79FF6E00B55001 /* Supporting Files */ = {
			isa = PBXGroup;
			children = (
				A93BCE8F1A7CC3E50053FD00 /* friends.plist */,
				A9438A141A79FF6E00B55001 /* Info.plist */,
				A9438A151A79FF6E00B55001 /* main.m */,
				A9386B981A7B6D4900526086 /* pchFile.pch */,
			);
			name = "Supporting Files";
			sourceTree = "<group>";
		};
		A9438A2C1A79FF6E00B55001 /* 我爱高尔夫Tests */ = {
			isa = PBXGroup;
			children = (
				A9438A2F1A79FF6E00B55001 /* _____Tests.m */,
				A9438A2D1A79FF6E00B55001 /* Supporting Files */,
			);
			path = "我爱高尔夫Tests";
			sourceTree = "<group>";
		};
		A9438A2D1A79FF6E00B55001 /* Supporting Files */ = {
			isa = PBXGroup;
			children = (
				A9438A2E1A79FF6E00B55001 /* Info.plist */,
			);
			name = "Supporting Files";
			sourceTree = "<group>";
		};
		A9438A391A7A007B00B55001 /* Classes */ = {
			isa = PBXGroup;
			children = (
				A9714E431A830B2300571CB2 /* register（登录） */,
				A9438A491A7A015700B55001 /* main（主要) */,
				A9438A3A1A7A007B00B55001 /* other（其他） */,
				A9438A3D1A7A007B00B55001 /* personal（个人） */,
				A9438A411A7A007B00B55001 /* practice（练习） */,
				A9438A441A7A007B00B55001 /* statistical（统计） */,
			);
			path = Classes;
			sourceTree = "<group>";
		};
		A9438A3A1A7A007B00B55001 /* other（其他） */ = {
			isa = PBXGroup;
			children = (
				A911BE251AC963F300819F52 /* 单利 */,
				A911BDDA1AC963EA00819F52 /* Lib */,
				A9438A3B1A7A007B00B55001 /* AppDelegate.h */,
				A9438A3C1A7A007B00B55001 /* AppDelegate.m */,
			);
			path = "other（其他）";
			sourceTree = "<group>";
		};
		A9438A3D1A7A007B00B55001 /* personal（个人） */ = {
			isa = PBXGroup;
			children = (
				A9438A3E1A7A007B00B55001 /* Controller */,
				A9438A3F1A7A007B00B55001 /* Model */,
				A9438A401A7A007B00B55001 /* View */,
			);
			path = "personal（个人）";
			sourceTree = "<group>";
		};
		A9438A3E1A7A007B00B55001 /* Controller */ = {
			isa = PBXGroup;
			children = (
				A9438A501A7A043700B55001 /* ZCPersonalViewController.h */,
				A9438A511A7A043700B55001 /* ZCPersonalViewController.m */,
				A9438A521A7A043700B55001 /* ZCPersonalViewController.xib */,
			);
			path = Controller;
			sourceTree = "<group>";
		};
		A9438A3F1A7A007B00B55001 /* Model */ = {
			isa = PBXGroup;
			children = (
			);
			path = Model;
			sourceTree = "<group>";
		};
		A9438A401A7A007B00B55001 /* View */ = {
			isa = PBXGroup;
			children = (
			);
			path = View;
			sourceTree = "<group>";
		};
		A9438A411A7A007B00B55001 /* practice（练习） */ = {
			isa = PBXGroup;
			children = (
				A9438A5A1A7A04A200B55001 /* Controller */,
				A9438A421A7A007B00B55001 /* Model */,
				A9438A431A7A007B00B55001 /* View */,
			);
			path = "practice（练习）";
			sourceTree = "<group>";
		};
		A9438A421A7A007B00B55001 /* Model */ = {
			isa = PBXGroup;
			children = (
				A96B67D51ABA6A01006D2047 /* 选择球场模型 */,
				A975C3E31AB6E27F00140242 /* statistical（统计） */,
				A95620061AAD3E5D00388D08 /* event（历史赛事） */,
				A94D47CB1AA807A900971FAD /* scorecards（记分卡数据模型） */,
				A957DD891AA05E8E008C5ABA /* stadium（球场信息模型） */,
				A967AD241A9EC745009E7468 /* city(城市列表模型) */,
				A998A8CE1A7E87C800CE6AAA /* ZCSetting.h */,
				A998A8CF1A7E87C800CE6AAA /* ZCSetting.m */,
			);
			path = Model;
			sourceTree = "<group>";
		};
		A9438A431A7A007B00B55001 /* View */ = {
			isa = PBXGroup;
			children = (
				A944AFB81AB5D5C400A8E887 /* 统计页面横屏View */,
				A956200D1AAD5DD000388D08 /* event（历史赛事） */,
				A9484F511A80CE0E00681939 /* ZCScorecardView(记分卡自定义View) */,
				A93BCE801A7CB6B90053FD00 /* MTScenicShopCell.h */,
				A93BCE811A7CB6B90053FD00 /* MTScenicShopCell.m */,
				A9386B631A7B418F00526086 /* ZCChooseTableViewCell.h */,
				A9386B641A7B418F00526086 /* ZCChooseTableViewCell.m */,
				A945582D1AA46C4E00079DEB /* ZCSettingHeadView.h */,
				A945582E1AA46C4E00079DEB /* ZCSettingHeadView.m */,
			);
			path = View;
			sourceTree = "<group>";
		};
		A9438A441A7A007B00B55001 /* statistical（统计） */ = {
			isa = PBXGroup;
			children = (
				A9438A451A7A007B00B55001 /* Controller */,
				A9438A461A7A007B00B55001 /* Model */,
				A9438A471A7A007B00B55001 /* View */,
			);
			path = "statistical（统计）";
			sourceTree = "<group>";
		};
		A9438A451A7A007B00B55001 /* Controller */ = {
			isa = PBXGroup;
			children = (
				A9438A601A7A04D800B55001 /* ZCStatisticalViewController.h */,
				A9438A611A7A04D800B55001 /* ZCStatisticalViewController.m */,
				A9438A621A7A04D800B55001 /* ZCStatisticalViewController.xib */,
			);
			path = Controller;
			sourceTree = "<group>";
		};
		A9438A461A7A007B00B55001 /* Model */ = {
			isa = PBXGroup;
			children = (
			);
			path = Model;
			sourceTree = "<group>";
		};
		A9438A471A7A007B00B55001 /* View */ = {
			isa = PBXGroup;
			children = (
			);
			path = View;
			sourceTree = "<group>";
		};
		A9438A491A7A015700B55001 /* main（主要) */ = {
			isa = PBXGroup;
			children = (
				A95D72091AC8F78700DBD7E4 /* View */,
				A9438A4A1A7A015700B55001 /* Controller */,
				A9438A4B1A7A015700B55001 /* Model */,
			);
			path = "main（主要)";
			sourceTree = "<group>";
		};
		A9438A4A1A7A015700B55001 /* Controller */ = {
			isa = PBXGroup;
			children = (
				A9438A4D1A7A01A700B55001 /* ZCTabbarViewController.h */,
				A9438A4E1A7A01A700B55001 /* ZCTabbarViewController.m */,
			);
			path = Controller;
			sourceTree = "<group>";
		};
		A9438A4B1A7A015700B55001 /* Model */ = {
			isa = PBXGroup;
			children = (
			);
			path = Model;
			sourceTree = "<group>";
		};
		A9438A5A1A7A04A200B55001 /* Controller */ = {
			isa = PBXGroup;
			children = (
				A9438A5B1A7A04A200B55001 /* ZCPracticeViewController.h */,
				A9438A5C1A7A04A200B55001 /* ZCPracticeViewController.m */,
				A9438A5D1A7A04A200B55001 /* ZCPracticeViewController.xib */,
				A9386B991A7B7F2900526086 /* ZCChooseThePitchVViewController.h */,
				A9386B9A1A7B7F2900526086 /* ZCChooseThePitchVViewController.m */,
				A9484F4E1A80BCD600681939 /* ZCScorecardTableViewController.h */,
				A9484F4F1A80BCD600681939 /* ZCScorecardTableViewController.m */,
				A967AD041A9EBE7B009E7468 /* ZCSwitchTableViewController.h */,
				A967AD051A9EBE7B009E7468 /* ZCSwitchTableViewController.m */,
				A957DD901AA067BD008C5ABA /* ZCSettingTVController.h */,
				A957DD911AA067BD008C5ABA /* ZCSettingTVController.m */,
				A974E1141AAEABD800F1519A /* ZCQuickScoringTableViewController.h */,
				A974E1151AAEABD800F1519A /* ZCQuickScoringTableViewController.m */,
				A987C57B1AB14889004D164B /* ZCAmateurStatisticsViewController.h */,
				A987C57C1AB14889004D164B /* ZCAmateurStatisticsViewController.m */,
				A95AB5C41AC3B20D00F63D92 /* ZCModifyTheScorecardViewController.h */,
				A95AB5C51AC3B20D00F63D92 /* ZCModifyTheScorecardViewController.m */,
			);
			path = Controller;
			sourceTree = "<group>";
		};
		A944AFB81AB5D5C400A8E887 /* 统计页面横屏View */ = {
			isa = PBXGroup;
			children = (
				A944AFB91AB5D60E00A8E887 /* ZCAmateurStatisticsView.h */,
				A944AFBA1AB5D60E00A8E887 /* ZCAmateurStatisticsView.m */,
			);
			path = "统计页面横屏View";
			sourceTree = "<group>";
		};
		A9484F511A80CE0E00681939 /* ZCScorecardView(记分卡自定义View) */ = {
			isa = PBXGroup;
			children = (
				A93DF8971A81D465009623F5 /* ZCScorecarTableViewCell.h */,
				A93DF8981A81D465009623F5 /* ZCScorecarTableViewCell.m */,
				A9F00BF81A8858E200671AC9 /* ZCShowButton.h */,
				A9F00BF91A8858E200671AC9 /* ZCShowButton.m */,
			);
			path = "ZCScorecardView(记分卡自定义View)";
			sourceTree = "<group>";
		};
		A94D47CB1AA807A900971FAD /* scorecards（记分卡数据模型） */ = {
			isa = PBXGroup;
			children = (
				A94D47CC1AA807A900971FAD /* ZCTotalScorecards.h */,
				A94D47CD1AA807A900971FAD /* ZCTotalScorecards.m */,
				A94D47DE1AA8426300971FAD /* ZCscorecard.h */,
				A94D47DF1AA8426300971FAD /* ZCscorecard.m */,
			);
			path = "scorecards（记分卡数据模型）";
			sourceTree = "<group>";
		};
		A95620061AAD3E5D00388D08 /* event（历史赛事） */ = {
			isa = PBXGroup;
			children = (
				A95620071AAD3E7000388D08 /* ZCEvent.h */,
				A95620081AAD3E7000388D08 /* ZCEvent.m */,
				A956200A1AAD3ECC00388D08 /* ZCCourse.h */,
				A956200B1AAD3ECD00388D08 /* ZCCourse.m */,
			);
			path = "event（历史赛事）";
			sourceTree = "<group>";
		};
		A956200D1AAD5DD000388D08 /* event（历史赛事） */ = {
			isa = PBXGroup;
			children = (
				A94C27C81AB9693D006A7BA1 /* ZCEventCell.h */,
				A94C27C91AB9693D006A7BA1 /* ZCEventCell.m */,
			);
			path = "event（历史赛事）";
			sourceTree = "<group>";
		};
		A957DD891AA05E8E008C5ABA /* stadium（球场信息模型） */ = {
			isa = PBXGroup;
			children = (
				A957DD931AA068D0008C5ABA /* ZCStadiumInformation.h */,
				A957DD941AA068D0008C5ABA /* ZCStadiumInformation.m */,
				A957DD8D1AA05FB9008C5ABA /* ZCChildStadium.h */,
				A957DD8E1AA05FB9008C5ABA /* ZCChildStadium.m */,
			);
			path = "stadium（球场信息模型）";
			sourceTree = "<group>";
		};
		A95D72091AC8F78700DBD7E4 /* View */ = {
			isa = PBXGroup;
			children = (
				A95D720A1AC8F7B300DBD7E4 /* ZCBackBackButtonitem.h */,
				A95D720B1AC8F7B300DBD7E4 /* ZCBackBackButtonitem.m */,
			);
			path = View;
			sourceTree = "<group>";
		};
		A967AD241A9EC745009E7468 /* city(城市列表模型) */ = {
			isa = PBXGroup;
			children = (
				A967AD251A9EC762009E7468 /* ZCCity.h */,
				A967AD261A9EC762009E7468 /* ZCCity.m */,
				A967AD281A9EC7B3009E7468 /* ZCCityStadium.h */,
				A967AD291A9EC7B3009E7468 /* ZCCityStadium.m */,
			);
			path = "city(城市列表模型)";
			sourceTree = "<group>";
		};
		A96B67D51ABA6A01006D2047 /* 选择球场模型 */ = {
			isa = PBXGroup;
			children = (
				A96B67D61ABA6A01006D2047 /* ZCstadium.h */,
				A96B67D71ABA6A01006D2047 /* ZCstadium.m */,
			);
			path = "选择球场模型";
			sourceTree = "<group>";
		};
		A9714E431A830B2300571CB2 /* register（登录） */ = {
			isa = PBXGroup;
			children = (
				A9714E441A830B2300571CB2 /* Controller */,
				A9714E451A830B2300571CB2 /* Model */,
				A9714E461A830B2300571CB2 /* View */,
			);
			path = "register（登录）";
			sourceTree = "<group>";
		};
		A9714E441A830B2300571CB2 /* Controller */ = {
			isa = PBXGroup;
			children = (
				A9714E471A830BCD00571CB2 /* ZCregisterViewController.h */,
				A9714E481A830BCD00571CB2 /* ZCregisterViewController.m */,
			);
			path = Controller;
			sourceTree = "<group>";
		};
		A9714E451A830B2300571CB2 /* Model */ = {
			isa = PBXGroup;
			children = (
				A9714E681A832F1800571CB2 /* ZCAccount.h */,
				A9714E691A832F1800571CB2 /* ZCAccount.m */,
			);
			path = Model;
			sourceTree = "<group>";
		};
		A9714E461A830B2300571CB2 /* View */ = {
			isa = PBXGroup;
			children = (
			);
			path = View;
			sourceTree = "<group>";
		};
		A975C3E31AB6E27F00140242 /* statistical（统计） */ = {
			isa = PBXGroup;
			children = (
				A975C3E41AB6E29F00140242 /* ZCStatistical.h */,
				A975C3E51AB6E29F00140242 /* ZCStatistical.m */,
				A975C3E71AB6E4D100140242 /* ZCStatisticalScorecard.h */,
				A975C3E81AB6E4D100140242 /* ZCStatisticalScorecard.m */,
			);
			path = "statistical（统计）";
			sourceTree = "<group>";
		};
/* End PBXGroup section */

/* Begin PBXNativeTarget section */
		A9438A0F1A79FF6E00B55001 /* 我爱高尔夫 */ = {
			isa = PBXNativeTarget;
			buildConfigurationList = A9438A331A79FF6E00B55001 /* Build configuration list for PBXNativeTarget "我爱高尔夫" */;
			buildPhases = (
				A9438A0C1A79FF6E00B55001 /* Sources */,
				A9438A0D1A79FF6E00B55001 /* Frameworks */,
				A9438A0E1A79FF6E00B55001 /* Resources */,
			);
			buildRules = (
			);
			dependencies = (
			);
			name = "我爱高尔夫";
			productName = "我爱高尔夫";
			productReference = A9438A101A79FF6E00B55001 /* 我爱高尔夫.app */;
			productType = "com.apple.product-type.application";
		};
		A9438A281A79FF6E00B55001 /* 我爱高尔夫Tests */ = {
			isa = PBXNativeTarget;
			buildConfigurationList = A9438A361A79FF6E00B55001 /* Build configuration list for PBXNativeTarget "我爱高尔夫Tests" */;
			buildPhases = (
				A9438A251A79FF6E00B55001 /* Sources */,
				A9438A261A79FF6E00B55001 /* Frameworks */,
				A9438A271A79FF6E00B55001 /* Resources */,
			);
			buildRules = (
			);
			dependencies = (
				A9438A2B1A79FF6E00B55001 /* PBXTargetDependency */,
			);
			name = "我爱高尔夫Tests";
			productName = "我爱高尔夫Tests";
			productReference = A9438A291A79FF6E00B55001 /* 我爱高尔夫Tests.xctest */;
			productType = "com.apple.product-type.bundle.unit-test";
		};
/* End PBXNativeTarget section */

/* Begin PBXProject section */
		A9438A081A79FF6E00B55001 /* Project object */ = {
			isa = PBXProject;
			attributes = {
				LastUpgradeCheck = 0610;
				ORGANIZATIONNAME = zhongchuang;
				TargetAttributes = {
					A9438A0F1A79FF6E00B55001 = {
						CreatedOnToolsVersion = 6.1.1;
					};
					A9438A281A79FF6E00B55001 = {
						CreatedOnToolsVersion = 6.1.1;
						TestTargetID = A9438A0F1A79FF6E00B55001;
					};
				};
			};
			buildConfigurationList = A9438A0B1A79FF6E00B55001 /* Build configuration list for PBXProject "我爱高尔夫" */;
			compatibilityVersion = "Xcode 3.2";
			developmentRegion = English;
			hasScannedForEncodings = 0;
			knownRegions = (
				en,
				Base,
			);
			mainGroup = A9438A071A79FF6E00B55001;
			productRefGroup = A9438A111A79FF6E00B55001 /* Products */;
			projectDirPath = "";
			projectRoot = "";
			targets = (
				A9438A0F1A79FF6E00B55001 /* 我爱高尔夫 */,
				A9438A281A79FF6E00B55001 /* 我爱高尔夫Tests */,
			);
		};
/* End PBXProject section */

/* Begin PBXResourcesBuildPhase section */
		A9438A0E1A79FF6E00B55001 /* Resources */ = {
			isa = PBXResourcesBuildPhase;
			buildActionMask = 2147483647;
			files = (
				A911BE2D1AC9643F00819F52 /* SVProgressHUD.bundle in Resources */,
				A9438A541A7A043700B55001 /* ZCPersonalViewController.xib in Resources */,
				A9438A641A7A04D800B55001 /* ZCStatisticalViewController.xib in Resources */,
				A911BE201AC963EA00819F52 /* MJRefresh.bundle in Resources */,
				A93BCE901A7CC3E50053FD00 /* friends.plist in Resources */,
				A9438A211A79FF6E00B55001 /* Images.xcassets in Resources */,
				A9438A5F1A7A04A200B55001 /* ZCPracticeViewController.xib in Resources */,
			);
			runOnlyForDeploymentPostprocessing = 0;
		};
		A9438A271A79FF6E00B55001 /* Resources */ = {
			isa = PBXResourcesBuildPhase;
			buildActionMask = 2147483647;
			files = (
			);
			runOnlyForDeploymentPostprocessing = 0;
		};
/* End PBXResourcesBuildPhase section */

/* Begin PBXSourcesBuildPhase section */
		A9438A0C1A79FF6E00B55001 /* Sources */ = {
			isa = PBXSourcesBuildPhase;
			buildActionMask = 2147483647;
			files = (
				A911BE241AC963EA00819F52 /* MJRefreshHeaderView.m in Sources */,
				A911BE0E1AC963EA00819F52 /* AFHTTPRequestOperation.m in Sources */,
				A911BE111AC963EA00819F52 /* AFNetworkReachabilityManager.m in Sources */,
				A911BE101AC963EA00819F52 /* AFHTTPSessionManager.m in Sources */,
				A9386B651A7B418F00526086 /* ZCChooseTableViewCell.m in Sources */,
				A911BE2E1AC9643F00819F52 /* SVProgressHUD.m in Sources */,
				A967AD271A9EC762009E7468 /* ZCCity.m in Sources */,
				A911BE1C1AC963EA00819F52 /* MJTypeEncoding.m in Sources */,
				A911BE211AC963EA00819F52 /* MJRefreshBaseView.m in Sources */,
				A95D720C1AC8F7B300DBD7E4 /* ZCBackBackButtonitem.m in Sources */,
				A9438A5E1A7A04A200B55001 /* ZCPracticeViewController.m in Sources */,
				A94C27CA1AB9693D006A7BA1 /* ZCEventCell.m in Sources */,
				A9438A161A79FF6E00B55001 /* main.m in Sources */,
				A911BE151AC963EA00819F52 /* AFURLResponseSerialization.m in Sources */,
				A911BE191AC963EA00819F52 /* MJMember.m in Sources */,
				A95620091AAD3E7000388D08 /* ZCEvent.m in Sources */,
				A94D47CE1AA807A900971FAD /* ZCTotalScorecards.m in Sources */,
				A9F00BFA1A8858E200671AC9 /* ZCShowButton.m in Sources */,
				A957DD8F1AA05FB9008C5ABA /* ZCChildStadium.m in Sources */,
				A9438A481A7A007B00B55001 /* AppDelegate.m in Sources */,
				A911BE1D1AC963EA00819F52 /* NSObject+MJCoding.m in Sources */,
				A911BE221AC963EA00819F52 /* MJRefreshConst.m in Sources */,
				A9484F501A80BCD600681939 /* ZCScorecardTableViewController.m in Sources */,
				A9438A4F1A7A01A700B55001 /* ZCTabbarViewController.m in Sources */,
				A957DD951AA068D0008C5ABA /* ZCStadiumInformation.m in Sources */,
				A95AB5C61AC3B20D00F63D92 /* ZCModifyTheScorecardViewController.m in Sources */,
				A9438A531A7A043700B55001 /* ZCPersonalViewController.m in Sources */,
				A911BE131AC963EA00819F52 /* AFURLConnectionOperation.m in Sources */,
				A975C3E91AB6E4D100140242 /* ZCStatisticalScorecard.m in Sources */,
				A967AD061A9EBE7B009E7468 /* ZCSwitchTableViewController.m in Sources */,
				A945582F1AA46C4E00079DEB /* ZCSettingHeadView.m in Sources */,
				A911BE1B1AC963EA00819F52 /* MJType.m in Sources */,
				A911BE1E1AC963EA00819F52 /* NSObject+MJKeyValue.m in Sources */,
				A957DD921AA067BD008C5ABA /* ZCSettingTVController.m in Sources */,
				A93DF8991A81D465009623F5 /* ZCScorecarTableViewCell.m in Sources */,
				A987C57D1AB14889004D164B /* ZCAmateurStatisticsViewController.m in Sources */,
				A9714E6A1A832F1800571CB2 /* ZCAccount.m in Sources */,
				A911BE1A1AC963EA00819F52 /* MJMethod.m in Sources */,
				A93BCE821A7CB6B90053FD00 /* MTScenicShopCell.m in Sources */,
				A9386B9B1A7B7F2900526086 /* ZCChooseThePitchVViewController.m in Sources */,
				A9438A631A7A04D800B55001 /* ZCStatisticalViewController.m in Sources */,
				A911BE171AC963EA00819F52 /* MJArgument.m in Sources */,
				A956200C1AAD3ECD00388D08 /* ZCCourse.m in Sources */,
				A975C3E61AB6E29F00140242 /* ZCStatistical.m in Sources */,
				A94D47E01AA8426300971FAD /* ZCscorecard.m in Sources */,
				A911BE141AC963EA00819F52 /* AFURLRequestSerialization.m in Sources */,
				A911BE1F1AC963EA00819F52 /* NSObject+MJMember.m in Sources */,
				A967AD2A1A9EC7B3009E7468 /* ZCCityStadium.m in Sources */,
				A911BE0F1AC963EA00819F52 /* AFHTTPRequestOperationManager.m in Sources */,
				A911BE161AC963EA00819F52 /* AFURLSessionManager.m in Sources */,
				A911BE231AC963EA00819F52 /* MJRefreshFooterView.m in Sources */,
				A96B67D81ABA6A01006D2047 /* ZCstadium.m in Sources */,
				A94C27CB1AB9834D006A7BA1 /* ZCQuickScoringTableViewController.m in Sources */,
				A911BE121AC963EA00819F52 /* AFSecurityPolicy.m in Sources */,
				A9714E491A830BCD00571CB2 /* ZCregisterViewController.m in Sources */,
				A998A8D01A7E87C800CE6AAA /* ZCSetting.m in Sources */,
				A911BE181AC963EA00819F52 /* MJIvar.m in Sources */,
				A911BE281AC963F300819F52 /* ZCEventUuidTool.m in Sources */,
				A944AFBB1AB5D60E00A8E887 /* ZCAmateurStatisticsView.m in Sources */,
			);
			runOnlyForDeploymentPostprocessing = 0;
		};
		A9438A251A79FF6E00B55001 /* Sources */ = {
			isa = PBXSourcesBuildPhase;
			buildActionMask = 2147483647;
			files = (
				A9438A301A79FF6E00B55001 /* _____Tests.m in Sources */,
			);
			runOnlyForDeploymentPostprocessing = 0;
		};
/* End PBXSourcesBuildPhase section */

/* Begin PBXTargetDependency section */
		A9438A2B1A79FF6E00B55001 /* PBXTargetDependency */ = {
			isa = PBXTargetDependency;
			target = A9438A0F1A79FF6E00B55001 /* 我爱高尔夫 */;
			targetProxy = A9438A2A1A79FF6E00B55001 /* PBXContainerItemProxy */;
		};
/* End PBXTargetDependency section */

/* Begin XCBuildConfiguration section */
		A9438A311A79FF6E00B55001 /* Debug */ = {
			isa = XCBuildConfiguration;
			buildSettings = {
				ALWAYS_SEARCH_USER_PATHS = NO;
				CLANG_CXX_LANGUAGE_STANDARD = "gnu++0x";
				CLANG_CXX_LIBRARY = "libc++";
				CLANG_ENABLE_MODULES = YES;
				CLANG_ENABLE_OBJC_ARC = YES;
				CLANG_WARN_BOOL_CONVERSION = YES;
				CLANG_WARN_CONSTANT_CONVERSION = YES;
				CLANG_WARN_DIRECT_OBJC_ISA_USAGE = YES_ERROR;
				CLANG_WARN_EMPTY_BODY = YES;
				CLANG_WARN_ENUM_CONVERSION = YES;
				CLANG_WARN_INT_CONVERSION = YES;
				CLANG_WARN_OBJC_ROOT_CLASS = YES_ERROR;
				CLANG_WARN_UNREACHABLE_CODE = YES;
				CLANG_WARN__DUPLICATE_METHOD_MATCH = YES;
				"CODE_SIGN_IDENTITY[sdk=iphoneos*]" = "iPhone Developer";
				COPY_PHASE_STRIP = NO;
				ENABLE_STRICT_OBJC_MSGSEND = YES;
				GCC_C_LANGUAGE_STANDARD = gnu99;
				GCC_DYNAMIC_NO_PIC = NO;
				GCC_OPTIMIZATION_LEVEL = 0;
				GCC_PREPROCESSOR_DEFINITIONS = (
					"DEBUG=1",
					"$(inherited)",
				);
				GCC_SYMBOLS_PRIVATE_EXTERN = NO;
				GCC_WARN_64_TO_32_BIT_CONVERSION = YES;
				GCC_WARN_ABOUT_RETURN_TYPE = YES_ERROR;
				GCC_WARN_UNDECLARED_SELECTOR = YES;
				GCC_WARN_UNINITIALIZED_AUTOS = YES_AGGRESSIVE;
				GCC_WARN_UNUSED_FUNCTION = YES;
				GCC_WARN_UNUSED_VARIABLE = YES;
				IPHONEOS_DEPLOYMENT_TARGET = 8.1;
				MTL_ENABLE_DEBUG_INFO = YES;
				ONLY_ACTIVE_ARCH = YES;
				SDKROOT = iphoneos;
				TARGETED_DEVICE_FAMILY = "1,2";
			};
			name = Debug;
		};
		A9438A321A79FF6E00B55001 /* Release */ = {
			isa = XCBuildConfiguration;
			buildSettings = {
				ALWAYS_SEARCH_USER_PATHS = NO;
				CLANG_CXX_LANGUAGE_STANDARD = "gnu++0x";
				CLANG_CXX_LIBRARY = "libc++";
				CLANG_ENABLE_MODULES = YES;
				CLANG_ENABLE_OBJC_ARC = YES;
				CLANG_WARN_BOOL_CONVERSION = YES;
				CLANG_WARN_CONSTANT_CONVERSION = YES;
				CLANG_WARN_DIRECT_OBJC_ISA_USAGE = YES_ERROR;
				CLANG_WARN_EMPTY_BODY = YES;
				CLANG_WARN_ENUM_CONVERSION = YES;
				CLANG_WARN_INT_CONVERSION = YES;
				CLANG_WARN_OBJC_ROOT_CLASS = YES_ERROR;
				CLANG_WARN_UNREACHABLE_CODE = YES;
				CLANG_WARN__DUPLICATE_METHOD_MATCH = YES;
				"CODE_SIGN_IDENTITY[sdk=iphoneos*]" = "iPhone Developer";
				COPY_PHASE_STRIP = YES;
				ENABLE_NS_ASSERTIONS = NO;
				ENABLE_STRICT_OBJC_MSGSEND = YES;
				GCC_C_LANGUAGE_STANDARD = gnu99;
				GCC_WARN_64_TO_32_BIT_CONVERSION = YES;
				GCC_WARN_ABOUT_RETURN_TYPE = YES_ERROR;
				GCC_WARN_UNDECLARED_SELECTOR = YES;
				GCC_WARN_UNINITIALIZED_AUTOS = YES_AGGRESSIVE;
				GCC_WARN_UNUSED_FUNCTION = YES;
				GCC_WARN_UNUSED_VARIABLE = YES;
				IPHONEOS_DEPLOYMENT_TARGET = 8.1;
				MTL_ENABLE_DEBUG_INFO = NO;
				SDKROOT = iphoneos;
				TARGETED_DEVICE_FAMILY = "1,2";
				VALIDATE_PRODUCT = YES;
			};
			name = Release;
		};
		A9438A341A79FF6E00B55001 /* Debug */ = {
			isa = XCBuildConfiguration;
			buildSettings = {
				ASSETCATALOG_COMPILER_APPICON_NAME = AppIcon;
				GCC_PRECOMPILE_PREFIX_HEADER = YES;
				GCC_PREFIX_HEADER = "$(SRCROOT)/我爱高尔夫/pchFile.pch";
				INFOPLIST_FILE = "我爱高尔夫/Info.plist";
				IPHONEOS_DEPLOYMENT_TARGET = 6.1;
				LD_RUNPATH_SEARCH_PATHS = "$(inherited) @executable_path/Frameworks";
				PRODUCT_NAME = "$(TARGET_NAME)";
			};
			name = Debug;
		};
		A9438A351A79FF6E00B55001 /* Release */ = {
			isa = XCBuildConfiguration;
			buildSettings = {
				ASSETCATALOG_COMPILER_APPICON_NAME = AppIcon;
				GCC_PRECOMPILE_PREFIX_HEADER = YES;
				GCC_PREFIX_HEADER = "$(SRCROOT)/我爱高尔夫/pchFile.pch";
				INFOPLIST_FILE = "我爱高尔夫/Info.plist";
				IPHONEOS_DEPLOYMENT_TARGET = 6.1;
				LD_RUNPATH_SEARCH_PATHS = "$(inherited) @executable_path/Frameworks";
				PRODUCT_NAME = "$(TARGET_NAME)";
			};
			name = Release;
		};
		A9438A371A79FF6E00B55001 /* Debug */ = {
			isa = XCBuildConfiguration;
			buildSettings = {
				BUNDLE_LOADER = "$(TEST_HOST)";
				FRAMEWORK_SEARCH_PATHS = (
					"$(SDKROOT)/Developer/Library/Frameworks",
					"$(inherited)",
				);
				GCC_PREPROCESSOR_DEFINITIONS = (
					"DEBUG=1",
					"$(inherited)",
				);
				INFOPLIST_FILE = "我爱高尔夫Tests/Info.plist";
				LD_RUNPATH_SEARCH_PATHS = "$(inherited) @executable_path/Frameworks @loader_path/Frameworks";
				PRODUCT_NAME = "$(TARGET_NAME)";
				TEST_HOST = "$(BUILT_PRODUCTS_DIR)/我爱高尔夫.app/我爱高尔夫";
			};
			name = Debug;
		};
		A9438A381A79FF6E00B55001 /* Release */ = {
			isa = XCBuildConfiguration;
			buildSettings = {
				BUNDLE_LOADER = "$(TEST_HOST)";
				FRAMEWORK_SEARCH_PATHS = (
					"$(SDKROOT)/Developer/Library/Frameworks",
					"$(inherited)",
				);
				INFOPLIST_FILE = "我爱高尔夫Tests/Info.plist";
				LD_RUNPATH_SEARCH_PATHS = "$(inherited) @executable_path/Frameworks @loader_path/Frameworks";
				PRODUCT_NAME = "$(TARGET_NAME)";
				TEST_HOST = "$(BUILT_PRODUCTS_DIR)/我爱高尔夫.app/我爱高尔夫";
			};
			name = Release;
		};
/* End XCBuildConfiguration section */

/* Begin XCConfigurationList section */
		A9438A0B1A79FF6E00B55001 /* Build configuration list for PBXProject "我爱高尔夫" */ = {
			isa = XCConfigurationList;
			buildConfigurations = (
				A9438A311A79FF6E00B55001 /* Debug */,
				A9438A321A79FF6E00B55001 /* Release */,
			);
			defaultConfigurationIsVisible = 0;
			defaultConfigurationName = Release;
		};
		A9438A331A79FF6E00B55001 /* Build configuration list for PBXNativeTarget "我爱高尔夫" */ = {
			isa = XCConfigurationList;
			buildConfigurations = (
				A9438A341A79FF6E00B55001 /* Debug */,
				A9438A351A79FF6E00B55001 /* Release */,
			);
			defaultConfigurationIsVisible = 0;
			defaultConfigurationName = Release;
		};
		A9438A361A79FF6E00B55001 /* Build configuration list for PBXNativeTarget "我爱高尔夫Tests" */ = {
			isa = XCConfigurationList;
			buildConfigurations = (
				A9438A371A79FF6E00B55001 /* Debug */,
				A9438A381A79FF6E00B55001 /* Release */,
			);
			defaultConfigurationIsVisible = 0;
			defaultConfigurationName = Release;
		};
/* End XCConfigurationList section */
	};
	rootObject = A9438A081A79FF6E00B55001 /* Project object */;
}
